
Microsoft Visual Studio Solution File, Format Version 12.00
# Visual Studio Version 17
VisualStudioVersion = 17.9.34723.18
MinimumVisualStudioVersion = 10.0.40219.1
Project("{FAE04EC0-301F-11D3-BF4B-00C04F79EFBC}") = "BlogApp", "BlogApp\BlogApp.csproj", "{B127736E-43FC-4735-8925-3EF30C219B25}"
EndProject
Project("{FAE04EC0-301F-11D3-BF4B-00C04F79EFBC}") = "EntitiesLayer", "EntitiesLayer\EntitiesLayer.csproj", "{B2476660-709B-4606-A17D-D37E36A8E2CE}"
EndProject
Project("{FAE04EC0-301F-11D3-BF4B-00C04F79EFBC}") = "DataEntitesLayer", "DataEntitesLayer\DataEntitesLayer.csproj", "{18F2B9B7-61B1-483D-82FC-11F1417E2BEF}"
EndProject
Global
	GlobalSection(SolutionConfigurationPlatforms) = preSolution
		Debug|Any CPU = Debug|Any CPU
		Release|Any CPU = Release|Any CPU
	EndGlobalSection
	GlobalSection(ProjectConfigurationPlatforms) = postSolution
		{B127736E-43FC-4735-8925-3EF30C219B25}.Debug|Any CPU.ActiveCfg = Debug|Any CPU
		{B127736E-43FC-4735-8925-3EF30C219B25}.Debug|Any CPU.Build.0 = Debug|Any CPU
		{B127736E-43FC-4735-8925-3EF30C219B25}.Release|Any CPU.ActiveCfg = Release|Any CPU
		{B127736E-43FC-4735-8925-3EF30C219B25}.Release|Any CPU.Build.0 = Release|Any CPU
		{B2476660-709B-4606-A17D-D37E36A8E2CE}.Debug|Any CPU.ActiveCfg = Debug|Any CPU
		{B2476660-709B-4606-A17D-D37E36A8E2CE}.Debug|Any CPU.Build.0 = Debug|Any CPU
		{B2476660-709B-4606-A17D-D37E36A8E2CE}.Release|Any CPU.ActiveCfg = Release|Any CPU
		{B2476660-709B-4606-A17D-D37E36A8E2CE}.Release|Any CPU.Build.0 = Release|Any CPU
		{18F2B9B7-61B1-483D-82FC-11F1417E2BEF}.Debug|Any CPU.ActiveCfg = Debug|Any CPU
		{18F2B9B7-61B1-483D-82FC-11F1417E2BEF}.Debug|Any CPU.Build.0 = Debug|Any CPU
		{18F2B9B7-61B1-483D-82FC-11F1417E2BEF}.Release|Any CPU.ActiveCfg = Release|Any CPU
		{18F2B9B7-61B1-483D-82FC-11F1417E2BEF}.Release|Any CPU.Build.0 = Release|Any CPU
	EndGlobalSection
	GlobalSection(SolutionProperties) = preSolution
		HideSolutionNode = FALSE
	EndGlobalSection
	GlobalSection(ExtensibilityGlobals) = postSolution
		SolutionGuid = {BDB805FB-7B5F-40A0-BF04-C6EED0F57C09}
	EndGlobalSection
EndGlobal
